
Microsoft Visual Studio Solution File, Format Version 12.00
# Visual Studio Version 17
VisualStudioVersion = 17.9.34728.123
MinimumVisualStudioVersion = 10.0.40219.1
Project("{2150E333-8FDC-42A3-9474-1A3956D46DE8}") = "Lab1", "Lab1", "{CDA38B81-8B33-46B0-9E01-A56DA7BDFC68}"
EndProject
Project("{FAE04EC0-301F-11D3-BF4B-00C04F79EFBC}") = "Geometric figures", "Geometric figures\Geometric figures.csproj", "{EFE5CA16-F77C-4871-B4E1-A363CF0F3EBA}"
EndProject
Global
	GlobalSection(SolutionConfigurationPlatforms) = preSolution
		Debug|Any CPU = Debug|Any CPU
		Release|Any CPU = Release|Any CPU
	EndGlobalSection
	GlobalSection(ProjectConfigurationPlatforms) = postSolution
		{EFE5CA16-F77C-4871-B4E1-A363CF0F3EBA}.Debug|Any CPU.ActiveCfg = Debug|Any CPU
		{EFE5CA16-F77C-4871-B4E1-A363CF0F3EBA}.Debug|Any CPU.Build.0 = Debug|Any CPU
		{EFE5CA16-F77C-4871-B4E1-A363CF0F3EBA}.Release|Any CPU.ActiveCfg = Release|Any CPU
		{EFE5CA16-F77C-4871-B4E1-A363CF0F3EBA}.Release|Any CPU.Build.0 = Release|Any CPU
	EndGlobalSection
	GlobalSection(SolutionProperties) = preSolution
		HideSolutionNode = FALSE
	EndGlobalSection
	GlobalSection(NestedProjects) = preSolution
		{EFE5CA16-F77C-4871-B4E1-A363CF0F3EBA} = {CDA38B81-8B33-46B0-9E01-A56DA7BDFC68}
	EndGlobalSection
	GlobalSection(ExtensibilityGlobals) = postSolution
		SolutionGuid = {3785E147-D0BC-46A9-9974-FCD2916CA444}
	EndGlobalSection
EndGlobal
