
Microsoft Visual Studio Solution File, Format Version 12.00
# Visual Studio Version 17
VisualStudioVersion = 17.9.34728.123
MinimumVisualStudioVersion = 10.0.40219.1
Project("{2150E333-8FDC-42A3-9474-1A3956D46DE8}") = "Lab1", "Lab1", "{CDA38B81-8B33-46B0-9E01-A56DA7BDFC68}"
EndProject
Project("{9A19103F-16F7-4668-BE54-9A1E7A4F7556}") = "Geometric figures", "Geometric figures\Geometric figures.csproj", "{EFE5CA16-F77C-4871-B4E1-A363CF0F3EBA}"
EndProject
Project("{9A19103F-16F7-4668-BE54-9A1E7A4F7556}") = "Pokemon Clicker", "Pokemon Clicker\Pokemon Clicker.csproj", "{D85CD71D-C816-4D8C-8414-A3DD1ECCE6B4}"
EndProject
Project("{2150E333-8FDC-42A3-9474-1A3956D46DE8}") = "Lab2", "Lab2", "{E3A0CC07-8AD7-4E50-B5C8-09618D660171}"
EndProject
Project("{FAE04EC0-301F-11D3-BF4B-00C04F79EFBC}") = "Clicker game", "Clicker game\Clicker game.csproj", "{D8FCD110-15BE-42B3-ABD0-13E3540A0B75}"
EndProject
Project("{FAE04EC0-301F-11D3-BF4B-00C04F79EFBC}") = "Clicker game.Tests", "Clicker game.Tests\Clicker game.Tests.csproj", "{C0F7FF24-4023-4BC8-9B9F-AF083AFA9466}"
EndProject
Global
	GlobalSection(SolutionConfigurationPlatforms) = preSolution
		Debug|Any CPU = Debug|Any CPU
		Release|Any CPU = Release|Any CPU
	EndGlobalSection
	GlobalSection(ProjectConfigurationPlatforms) = postSolution
		{EFE5CA16-F77C-4871-B4E1-A363CF0F3EBA}.Debug|Any CPU.ActiveCfg = Debug|Any CPU
		{EFE5CA16-F77C-4871-B4E1-A363CF0F3EBA}.Debug|Any CPU.Build.0 = Debug|Any CPU
		{EFE5CA16-F77C-4871-B4E1-A363CF0F3EBA}.Release|Any CPU.ActiveCfg = Release|Any CPU
		{EFE5CA16-F77C-4871-B4E1-A363CF0F3EBA}.Release|Any CPU.Build.0 = Release|Any CPU
		{D85CD71D-C816-4D8C-8414-A3DD1ECCE6B4}.Debug|Any CPU.ActiveCfg = Debug|Any CPU
		{D85CD71D-C816-4D8C-8414-A3DD1ECCE6B4}.Debug|Any CPU.Build.0 = Debug|Any CPU
		{D85CD71D-C816-4D8C-8414-A3DD1ECCE6B4}.Release|Any CPU.ActiveCfg = Release|Any CPU
		{D85CD71D-C816-4D8C-8414-A3DD1ECCE6B4}.Release|Any CPU.Build.0 = Release|Any CPU
		{D8FCD110-15BE-42B3-ABD0-13E3540A0B75}.Debug|Any CPU.ActiveCfg = Debug|Any CPU
		{D8FCD110-15BE-42B3-ABD0-13E3540A0B75}.Debug|Any CPU.Build.0 = Debug|Any CPU
		{D8FCD110-15BE-42B3-ABD0-13E3540A0B75}.Release|Any CPU.ActiveCfg = Release|Any CPU
		{D8FCD110-15BE-42B3-ABD0-13E3540A0B75}.Release|Any CPU.Build.0 = Release|Any CPU
		{C0F7FF24-4023-4BC8-9B9F-AF083AFA9466}.Debug|Any CPU.ActiveCfg = Debug|Any CPU
		{C0F7FF24-4023-4BC8-9B9F-AF083AFA9466}.Debug|Any CPU.Build.0 = Debug|Any CPU
		{C0F7FF24-4023-4BC8-9B9F-AF083AFA9466}.Release|Any CPU.ActiveCfg = Release|Any CPU
		{C0F7FF24-4023-4BC8-9B9F-AF083AFA9466}.Release|Any CPU.Build.0 = Release|Any CPU
	EndGlobalSection
	GlobalSection(SolutionProperties) = preSolution
		HideSolutionNode = FALSE
	EndGlobalSection
	GlobalSection(NestedProjects) = preSolution
		{EFE5CA16-F77C-4871-B4E1-A363CF0F3EBA} = {CDA38B81-8B33-46B0-9E01-A56DA7BDFC68}
		{D85CD71D-C816-4D8C-8414-A3DD1ECCE6B4} = {CDA38B81-8B33-46B0-9E01-A56DA7BDFC68}
		{D8FCD110-15BE-42B3-ABD0-13E3540A0B75} = {E3A0CC07-8AD7-4E50-B5C8-09618D660171}
	EndGlobalSection
	GlobalSection(ExtensibilityGlobals) = postSolution
		SolutionGuid = {3785E147-D0BC-46A9-9974-FCD2916CA444}
	EndGlobalSection
EndGlobal
